// !$*UTF8*$!
{
	archiveVersion = 1;
	classes = {
	};
	objectVersion = 50;
	objects = {

/* Begin PBXBuildFile section */
		1F3B0039253D9D5F0003704C /* SelfSizingTableViewController.swift in Sources */ = {isa = PBXBuildFile; fileRef = 1F3B0038253D9D5F0003704C /* SelfSizingTableViewController.swift */; };
		1F3B003D253DA2230003704C /* BaseCollectionViewController.swift in Sources */ = {isa = PBXBuildFile; fileRef = 1F3B003C253DA2230003704C /* BaseCollectionViewController.swift */; };
		1F3B0040253DACC50003704C /* CollectionViewController.swift in Sources */ = {isa = PBXBuildFile; fileRef = 1F3B003F253DACC50003704C /* CollectionViewController.swift */; };
		1F3B0043253DDBFE0003704C /* HeaderFooterCollectionViewController.swift in Sources */ = {isa = PBXBuildFile; fileRef = 1F3B0042253DDBFE0003704C /* HeaderFooterCollectionViewController.swift */; };
		1F3B0046253EDF5E0003704C /* LocationManager.swift in Sources */ = {isa = PBXBuildFile; fileRef = 1F3B0045253EDF5D0003704C /* LocationManager.swift */; };
		1F3B004A253F02850003704C /* HeaderFooterAnimatedCollectionViewController.swift in Sources */ = {isa = PBXBuildFile; fileRef = 1F3B0048253F02850003704C /* HeaderFooterAnimatedCollectionViewController.swift */; };
		1F7CC2B6253CCA79000CB7E0 /* AppDelegate.swift in Sources */ = {isa = PBXBuildFile; fileRef = 1F7CC2B5253CCA79000CB7E0 /* AppDelegate.swift */; };
		1F7CC2BF253CCA7A000CB7E0 /* Assets.xcassets in Resources */ = {isa = PBXBuildFile; fileRef = 1F7CC2BE253CCA7A000CB7E0 /* Assets.xcassets */; };
		1F7CC2C2253CCA7A000CB7E0 /* LaunchScreen.storyboard in Resources */ = {isa = PBXBuildFile; fileRef = 1F7CC2C0253CCA7A000CB7E0 /* LaunchScreen.storyboard */; };
		1F7CC2CB253CCAAB000CB7E0 /* RootViewController.swift in Sources */ = {isa = PBXBuildFile; fileRef = 1F7CC2CA253CCAAB000CB7E0 /* RootViewController.swift */; };
		1F7CC2DA253D6F04000CB7E0 /* UIView+Layout.swift in Sources */ = {isa = PBXBuildFile; fileRef = 1F7CC2D9253D6F04000CB7E0 /* UIView+Layout.swift */; };
		1F7CC2DD253D73F7000CB7E0 /* UIKit+Additions.swift in Sources */ = {isa = PBXBuildFile; fileRef = 1F7CC2DC253D73F7000CB7E0 /* UIKit+Additions.swift */; };
		1F7CC2E1253D8B8C000CB7E0 /* BaseTableViewController.swift in Sources */ = {isa = PBXBuildFile; fileRef = 1F7CC2E0253D8B8B000CB7E0 /* BaseTableViewController.swift */; };
		1F7CC2E4253D8C84000CB7E0 /* TableViewController.swift in Sources */ = {isa = PBXBuildFile; fileRef = 1F7CC2E3253D8C84000CB7E0 /* TableViewController.swift */; };
/* End PBXBuildFile section */

/* Begin PBXFileReference section */
		1F3B0038253D9D5F0003704C /* SelfSizingTableViewController.swift */ = {isa = PBXFileReference; fileEncoding = 4; lastKnownFileType = sourcecode.swift; path = SelfSizingTableViewController.swift; sourceTree = "<group>"; };
		1F3B003C253DA2230003704C /* BaseCollectionViewController.swift */ = {isa = PBXFileReference; lastKnownFileType = sourcecode.swift; path = BaseCollectionViewController.swift; sourceTree = "<group>"; };
		1F3B003F253DACC50003704C /* CollectionViewController.swift */ = {isa = PBXFileReference; lastKnownFileType = sourcecode.swift; path = CollectionViewController.swift; sourceTree = "<group>"; };
		1F3B0042253DDBFE0003704C /* HeaderFooterCollectionViewController.swift */ = {isa = PBXFileReference; fileEncoding = 4; lastKnownFileType = sourcecode.swift; path = HeaderFooterCollectionViewController.swift; sourceTree = "<group>"; };
		1F3B0045253EDF5D0003704C /* LocationManager.swift */ = {isa = PBXFileReference; lastKnownFileType = sourcecode.swift; path = LocationManager.swift; sourceTree = "<group>"; };
		1F3B0048253F02850003704C /* HeaderFooterAnimatedCollectionViewController.swift */ = {isa = PBXFileReference; fileEncoding = 4; lastKnownFileType = sourcecode.swift; path = HeaderFooterAnimatedCollectionViewController.swift; sourceTree = "<group>"; };
		1F7CC2B2253CCA79000CB7E0 /* CollectionsDemo.app */ = {isa = PBXFileReference; explicitFileType = wrapper.application; includeInIndex = 0; path = CollectionsDemo.app; sourceTree = BUILT_PRODUCTS_DIR; };
		1F7CC2B5253CCA79000CB7E0 /* AppDelegate.swift */ = {isa = PBXFileReference; lastKnownFileType = sourcecode.swift; path = AppDelegate.swift; sourceTree = "<group>"; };
		1F7CC2BE253CCA7A000CB7E0 /* Assets.xcassets */ = {isa = PBXFileReference; lastKnownFileType = folder.assetcatalog; path = Assets.xcassets; sourceTree = "<group>"; };
		1F7CC2C1253CCA7A000CB7E0 /* Base */ = {isa = PBXFileReference; lastKnownFileType = file.storyboard; name = Base; path = Base.lproj/LaunchScreen.storyboard; sourceTree = "<group>"; };
		1F7CC2C3253CCA7A000CB7E0 /* Info.plist */ = {isa = PBXFileReference; lastKnownFileType = text.plist.xml; path = Info.plist; sourceTree = "<group>"; };
		1F7CC2CA253CCAAB000CB7E0 /* RootViewController.swift */ = {isa = PBXFileReference; lastKnownFileType = sourcecode.swift; path = RootViewController.swift; sourceTree = "<group>"; };
		1F7CC2D9253D6F04000CB7E0 /* UIView+Layout.swift */ = {isa = PBXFileReference; lastKnownFileType = sourcecode.swift; path = "UIView+Layout.swift"; sourceTree = "<group>"; };
		1F7CC2DC253D73F7000CB7E0 /* UIKit+Additions.swift */ = {isa = PBXFileReference; lastKnownFileType = sourcecode.swift; path = "UIKit+Additions.swift"; sourceTree = "<group>"; };
		1F7CC2E0253D8B8B000CB7E0 /* BaseTableViewController.swift */ = {isa = PBXFileReference; lastKnownFileType = sourcecode.swift; path = BaseTableViewController.swift; sourceTree = "<group>"; };
		1F7CC2E3253D8C84000CB7E0 /* TableViewController.swift */ = {isa = PBXFileReference; lastKnownFileType = sourcecode.swift; path = TableViewController.swift; sourceTree = "<group>"; };
/* End PBXFileReference section */

/* Begin PBXFrameworksBuildPhase section */
		1F7CC2AF253CCA79000CB7E0 /* Frameworks */ = {
			isa = PBXFrameworksBuildPhase;
			buildActionMask = 2147483647;
			files = (
			);
			runOnlyForDeploymentPostprocessing = 0;
		};
/* End PBXFrameworksBuildPhase section */

/* Begin PBXGroup section */
		1F3B003B253DA1FA0003704C /* CollectionView */ = {
			isa = PBXGroup;
			children = (
				1F3B0048253F02850003704C /* HeaderFooterAnimatedCollectionViewController.swift */,
				1F3B0042253DDBFE0003704C /* HeaderFooterCollectionViewController.swift */,
				1F3B003C253DA2230003704C /* BaseCollectionViewController.swift */,
				1F3B003F253DACC50003704C /* CollectionViewController.swift */,
			);
			path = CollectionView;
			sourceTree = "<group>";
		};
		1F7CC2A9253CCA79000CB7E0 = {
			isa = PBXGroup;
			children = (
				1F7CC2B4253CCA79000CB7E0 /* CollectionsDemo */,
				1F7CC2B3253CCA79000CB7E0 /* Products */,
			);
			sourceTree = "<group>";
		};
		1F7CC2B3253CCA79000CB7E0 /* Products */ = {
			isa = PBXGroup;
			children = (
				1F7CC2B2253CCA79000CB7E0 /* CollectionsDemo.app */,
			);
			name = Products;
			sourceTree = "<group>";
		};
		1F7CC2B4253CCA79000CB7E0 /* CollectionsDemo */ = {
			isa = PBXGroup;
			children = (
				1F3B003B253DA1FA0003704C /* CollectionView */,
				1F7CC2DF253D8B54000CB7E0 /* TableView */,
				1F7CC2B5253CCA79000CB7E0 /* AppDelegate.swift */,
				1F7CC2BE253CCA7A000CB7E0 /* Assets.xcassets */,
				1F7CC2C0253CCA7A000CB7E0 /* LaunchScreen.storyboard */,
				1F7CC2C3253CCA7A000CB7E0 /* Info.plist */,
				1F7CC2CA253CCAAB000CB7E0 /* RootViewController.swift */,
				1F7CC2D9253D6F04000CB7E0 /* UIView+Layout.swift */,
				1F7CC2DC253D73F7000CB7E0 /* UIKit+Additions.swift */,
				1F3B0045253EDF5D0003704C /* LocationManager.swift */,
			);
			path = CollectionsDemo;
			sourceTree = "<group>";
		};
		1F7CC2DF253D8B54000CB7E0 /* TableView */ = {
			isa = PBXGroup;
			children = (
				1F3B0038253D9D5F0003704C /* SelfSizingTableViewController.swift */,
				1F7CC2E0253D8B8B000CB7E0 /* BaseTableViewController.swift */,
				1F7CC2E3253D8C84000CB7E0 /* TableViewController.swift */,
			);
			path = TableView;
			sourceTree = "<group>";
		};
/* End PBXGroup section */

/* Begin PBXNativeTarget section */
		1F7CC2B1253CCA79000CB7E0 /* CollectionsDemo */ = {
			isa = PBXNativeTarget;
			buildConfigurationList = 1F7CC2C6253CCA7A000CB7E0 /* Build configuration list for PBXNativeTarget "CollectionsDemo" */;
			buildPhases = (
				1F7CC2AE253CCA79000CB7E0 /* Sources */,
				1F7CC2AF253CCA79000CB7E0 /* Frameworks */,
				1F7CC2B0253CCA79000CB7E0 /* Resources */,
			);
			buildRules = (
			);
			dependencies = (
			);
			name = CollectionsDemo;
			productName = CollectionsDemo;
			productReference = 1F7CC2B2253CCA79000CB7E0 /* CollectionsDemo.app */;
			productType = "com.apple.product-type.application";
		};
/* End PBXNativeTarget section */

/* Begin PBXProject section */
		1F7CC2AA253CCA79000CB7E0 /* Project object */ = {
			isa = PBXProject;
			attributes = {
				LastSwiftUpdateCheck = 1200;
				LastUpgradeCheck = 1200;
				TargetAttributes = {
					1F7CC2B1253CCA79000CB7E0 = {
						CreatedOnToolsVersion = 12.0.1;
					};
				};
			};
			buildConfigurationList = 1F7CC2AD253CCA79000CB7E0 /* Build configuration list for PBXProject "CollectionsDemo" */;
			compatibilityVersion = "Xcode 9.3";
			developmentRegion = en;
			hasScannedForEncodings = 0;
			knownRegions = (
				en,
				Base,
			);
			mainGroup = 1F7CC2A9253CCA79000CB7E0;
			productRefGroup = 1F7CC2B3253CCA79000CB7E0 /* Products */;
			projectDirPath = "";
			projectRoot = "";
			targets = (
				1F7CC2B1253CCA79000CB7E0 /* CollectionsDemo */,
			);
		};
/* End PBXProject section */

/* Begin PBXResourcesBuildPhase section */
		1F7CC2B0253CCA79000CB7E0 /* Resources */ = {
			isa = PBXResourcesBuildPhase;
			buildActionMask = 2147483647;
			files = (
				1F7CC2C2253CCA7A000CB7E0 /* LaunchScreen.storyboard in Resources */,
				1F7CC2BF253CCA7A000CB7E0 /* Assets.xcassets in Resources */,
			);
			runOnlyForDeploymentPostprocessing = 0;
		};
/* End PBXResourcesBuildPhase section */

/* Begin PBXSourcesBuildPhase section */
		1F7CC2AE253CCA79000CB7E0 /* Sources */ = {
			isa = PBXSourcesBuildPhase;
			buildActionMask = 2147483647;
			files = (
				1F3B0040253DACC50003704C /* CollectionViewController.swift in Sources */,
				1F7CC2E4253D8C84000CB7E0 /* TableViewController.swift in Sources */,
				1F7CC2DD253D73F7000CB7E0 /* UIKit+Additions.swift in Sources */,
				1F3B0046253EDF5E0003704C /* LocationManager.swift in Sources */,
				1F7CC2B6253CCA79000CB7E0 /* AppDelegate.swift in Sources */,
				1F7CC2E1253D8B8C000CB7E0 /* BaseTableViewController.swift in Sources */,
				1F7CC2CB253CCAAB000CB7E0 /* RootViewController.swift in Sources */,
				1F3B0043253DDBFE0003704C /* HeaderFooterCollectionViewController.swift in Sources */,
				1F3B0039253D9D5F0003704C /* SelfSizingTableViewController.swift in Sources */,
				1F7CC2DA253D6F04000CB7E0 /* UIView+Layout.swift in Sources */,
				1F3B003D253DA2230003704C /* BaseCollectionViewController.swift in Sources */,
				1F3B004A253F02850003704C /* HeaderFooterAnimatedCollectionViewController.swift in Sources */,
			);
			runOnlyForDeploymentPostprocessing = 0;
		};
/* End PBXSourcesBuildPhase section */

/* Begin PBXVariantGroup section */
		1F7CC2C0253CCA7A000CB7E0 /* LaunchScreen.storyboard */ = {
			isa = PBXVariantGroup;
			children = (
				1F7CC2C1253CCA7A000CB7E0 /* Base */,
			);
			name = LaunchScreen.storyboard;
			sourceTree = "<group>";
		};
/* End PBXVariantGroup section */

/* Begin XCBuildConfiguration section */
		1F7CC2C4253CCA7A000CB7E0 /* Debug */ = {
			isa = XCBuildConfiguration;
			buildSettings = {
				ALWAYS_SEARCH_USER_PATHS = NO;
				CLANG_ANALYZER_NONNULL = YES;
				CLANG_ANALYZER_NUMBER_OBJECT_CONVERSION = YES_AGGRESSIVE;
				CLANG_CXX_LANGUAGE_STANDARD = "gnu++14";
				CLANG_CXX_LIBRARY = "libc++";
				CLANG_ENABLE_MODULES = YES;
				CLANG_ENABLE_OBJC_ARC = YES;
				CLANG_ENABLE_OBJC_WEAK = YES;
				CLANG_WARN_BLOCK_CAPTURE_AUTORELEASING = YES;
				CLANG_WARN_BOOL_CONVERSION = YES;
				CLANG_WARN_COMMA = YES;
				CLANG_WARN_CONSTANT_CONVERSION = YES;
				CLANG_WARN_DEPRECATED_OBJC_IMPLEMENTATIONS = YES;
				CLANG_WARN_DIRECT_OBJC_ISA_USAGE = YES_ERROR;
				CLANG_WARN_DOCUMENTATION_COMMENTS = YES;
				CLANG_WARN_EMPTY_BODY = YES;
				CLANG_WARN_ENUM_CONVERSION = YES;
				CLANG_WARN_INFINITE_RECURSION = YES;
				CLANG_WARN_INT_CONVERSION = YES;
				CLANG_WARN_NON_LITERAL_NULL_CONVERSION = YES;
				CLANG_WARN_OBJC_IMPLICIT_RETAIN_SELF = YES;
				CLANG_WARN_OBJC_LITERAL_CONVERSION = YES;
				CLANG_WARN_OBJC_ROOT_CLASS = YES_ERROR;
				CLANG_WARN_QUOTED_INCLUDE_IN_FRAMEWORK_HEADER = YES;
				CLANG_WARN_RANGE_LOOP_ANALYSIS = YES;
				CLANG_WARN_STRICT_PROTOTYPES = YES;
				CLANG_WARN_SUSPICIOUS_MOVE = YES;
				CLANG_WARN_UNGUARDED_AVAILABILITY = YES_AGGRESSIVE;
				CLANG_WARN_UNREACHABLE_CODE = YES;
				CLANG_WARN__DUPLICATE_METHOD_MATCH = YES;
				COPY_PHASE_STRIP = NO;
				DEBUG_INFORMATION_FORMAT = dwarf;
				ENABLE_STRICT_OBJC_MSGSEND = YES;
				ENABLE_TESTABILITY = YES;
				GCC_C_LANGUAGE_STANDARD = gnu11;
				GCC_DYNAMIC_NO_PIC = NO;
				GCC_NO_COMMON_BLOCKS = YES;
				GCC_OPTIMIZATION_LEVEL = 0;
				GCC_PREPROCESSOR_DEFINITIONS = (
					"DEBUG=1",
					"$(inherited)",
				);
				GCC_WARN_64_TO_32_BIT_CONVERSION = YES;
				GCC_WARN_ABOUT_RETURN_TYPE = YES_ERROR;
				GCC_WARN_UNDECLARED_SELECTOR = YES;
				GCC_WARN_UNINITIALIZED_AUTOS = YES_AGGRESSIVE;
				GCC_WARN_UNUSED_FUNCTION = YES;
				GCC_WARN_UNUSED_VARIABLE = YES;
				IPHONEOS_DEPLOYMENT_TARGET = 14.0;
				MTL_ENABLE_DEBUG_INFO = INCLUDE_SOURCE;
				MTL_FAST_MATH = YES;
				ONLY_ACTIVE_ARCH = YES;
				SDKROOT = iphoneos;
				SWIFT_ACTIVE_COMPILATION_CONDITIONS = DEBUG;
				SWIFT_OPTIMIZATION_LEVEL = "-Onone";
			};
			name = Debug;
		};
		1F7CC2C5253CCA7A000CB7E0 /* Release */ = {
			isa = XCBuildConfiguration;
			buildSettings = {
				ALWAYS_SEARCH_USER_PATHS = NO;
				CLANG_ANALYZER_NONNULL = YES;
				CLANG_ANALYZER_NUMBER_OBJECT_CONVERSION = YES_AGGRESSIVE;
				CLANG_CXX_LANGUAGE_STANDARD = "gnu++14";
				CLANG_CXX_LIBRARY = "libc++";
				CLANG_ENABLE_MODULES = YES;
				CLANG_ENABLE_OBJC_ARC = YES;
				CLANG_ENABLE_OBJC_WEAK = YES;
				CLANG_WARN_BLOCK_CAPTURE_AUTORELEASING = YES;
				CLANG_WARN_BOOL_CONVERSION = YES;
				CLANG_WARN_COMMA = YES;
				CLANG_WARN_CONSTANT_CONVERSION = YES;
				CLANG_WARN_DEPRECATED_OBJC_IMPLEMENTATIONS = YES;
				CLANG_WARN_DIRECT_OBJC_ISA_USAGE = YES_ERROR;
				CLANG_WARN_DOCUMENTATION_COMMENTS = YES;
				CLANG_WARN_EMPTY_BODY = YES;
				CLANG_WARN_ENUM_CONVERSION = YES;
				CLANG_WARN_INFINITE_RECURSION = YES;
				CLANG_WARN_INT_CONVERSION = YES;
				CLANG_WARN_NON_LITERAL_NULL_CONVERSION = YES;
				CLANG_WARN_OBJC_IMPLICIT_RETAIN_SELF = YES;
				CLANG_WARN_OBJC_LITERAL_CONVERSION = YES;
				CLANG_WARN_OBJC_ROOT_CLASS = YES_ERROR;
				CLANG_WARN_QUOTED_INCLUDE_IN_FRAMEWORK_HEADER = YES;
				CLANG_WARN_RANGE_LOOP_ANALYSIS = YES;
				CLANG_WARN_STRICT_PROTOTYPES = YES;
				CLANG_WARN_SUSPICIOUS_MOVE = YES;
				CLANG_WARN_UNGUARDED_AVAILABILITY = YES_AGGRESSIVE;
				CLANG_WARN_UNREACHABLE_CODE = YES;
				CLANG_WARN__DUPLICATE_METHOD_MATCH = YES;
				COPY_PHASE_STRIP = NO;
				DEBUG_INFORMATION_FORMAT = "dwarf-with-dsym";
				ENABLE_NS_ASSERTIONS = NO;
				ENABLE_STRICT_OBJC_MSGSEND = YES;
				GCC_C_LANGUAGE_STANDARD = gnu11;
				GCC_NO_COMMON_BLOCKS = YES;
				GCC_WARN_64_TO_32_BIT_CONVERSION = YES;
				GCC_WARN_ABOUT_RETURN_TYPE = YES_ERROR;
				GCC_WARN_UNDECLARED_SELECTOR = YES;
				GCC_WARN_UNINITIALIZED_AUTOS = YES_AGGRESSIVE;
				GCC_WARN_UNUSED_FUNCTION = YES;
				GCC_WARN_UNUSED_VARIABLE = YES;
				IPHONEOS_DEPLOYMENT_TARGET = 14.0;
				MTL_ENABLE_DEBUG_INFO = NO;
				MTL_FAST_MATH = YES;
				SDKROOT = iphoneos;
				SWIFT_COMPILATION_MODE = wholemodule;
				SWIFT_OPTIMIZATION_LEVEL = "-O";
				VALIDATE_PRODUCT = YES;
			};
			name = Release;
		};
		1F7CC2C7253CCA7A000CB7E0 /* Debug */ = {
			isa = XCBuildConfiguration;
			buildSettings = {
				ASSETCATALOG_COMPILER_APPICON_NAME = AppIcon;
				ASSETCATALOG_COMPILER_GLOBAL_ACCENT_COLOR_NAME = AccentColor;
				CODE_SIGN_STYLE = Automatic;
				DEVELOPMENT_TEAM = "";
				INFOPLIST_FILE = CollectionsDemo/Info.plist;
				LD_RUNPATH_SEARCH_PATHS = (
					"$(inherited)",
					"@executable_path/Frameworks",
				);
				PRODUCT_BUNDLE_IDENTIFIER = a.CollectionsDemo;
				PRODUCT_NAME = "$(TARGET_NAME)";
				SWIFT_VERSION = 5.0;
				TARGETED_DEVICE_FAMILY = 1;
			};
			name = Debug;
		};
		1F7CC2C8253CCA7A000CB7E0 /* Release */ = {
			isa = XCBuildConfiguration;
			buildSettings = {
				ASSETCATALOG_COMPILER_APPICON_NAME = AppIcon;
				ASSETCATALOG_COMPILER_GLOBAL_ACCENT_COLOR_NAME = AccentColor;
				CODE_SIGN_STYLE = Automatic;
				DEVELOPMENT_TEAM = "";
				INFOPLIST_FILE = CollectionsDemo/Info.plist;
				LD_RUNPATH_SEARCH_PATHS = (
					"$(inherited)",
					"@executable_path/Frameworks",
				);
				PRODUCT_BUNDLE_IDENTIFIER = a.CollectionsDemo;
				PRODUCT_NAME = "$(TARGET_NAME)";
				SWIFT_VERSION = 5.0;
				TARGETED_DEVICE_FAMILY = 1;
			};
			name = Release;
		};
/* End XCBuildConfiguration section */

/* Begin XCConfigurationList section */
		1F7CC2AD253CCA79000CB7E0 /* Build configuration list for PBXProject "CollectionsDemo" */ = {
			isa = XCConfigurationList;
			buildConfigurations = (
				1F7CC2C4253CCA7A000CB7E0 /* Debug */,
				1F7CC2C5253CCA7A000CB7E0 /* Release */,
			);
			defaultConfigurationIsVisible = 0;
			defaultConfigurationName = Release;
		};
		1F7CC2C6253CCA7A000CB7E0 /* Build configuration list for PBXNativeTarget "CollectionsDemo" */ = {
			isa = XCConfigurationList;
			buildConfigurations = (
				1F7CC2C7253CCA7A000CB7E0 /* Debug */,
				1F7CC2C8253CCA7A000CB7E0 /* Release */,
			);
			defaultConfigurationIsVisible = 0;
			defaultConfigurationName = Release;
		};
/* End XCConfigurationList section */
	};
	rootObject = 1F7CC2AA253CCA79000CB7E0 /* Project object */;
}
